
Microsoft Visual Studio Solution File, Format Version 12.00
# Visual Studio Version 17
VisualStudioVersion = 17.5.002.0
MinimumVisualStudioVersion = 10.0.40219.1
Project("{9A19103F-16F7-4668-BE54-9A1E7A4F7556}") = "operadores", "operadores.csproj", "{E81193EE-8A28-4DE2-9403-D851E6BF9BCF}"
EndProject
Global
	GlobalSection(SolutionConfigurationPlatforms) = preSolution
		Debug|Any CPU = Debug|Any CPU
		Release|Any CPU = Release|Any CPU
	EndGlobalSection
	GlobalSection(ProjectConfigurationPlatforms) = postSolution
		{E81193EE-8A28-4DE2-9403-D851E6BF9BCF}.Debug|Any CPU.ActiveCfg = Debug|Any CPU
		{E81193EE-8A28-4DE2-9403-D851E6BF9BCF}.Debug|Any CPU.Build.0 = Debug|Any CPU
		{E81193EE-8A28-4DE2-9403-D851E6BF9BCF}.Release|Any CPU.ActiveCfg = Release|Any CPU
		{E81193EE-8A28-4DE2-9403-D851E6BF9BCF}.Release|Any CPU.Build.0 = Release|Any CPU
	EndGlobalSection
	GlobalSection(SolutionProperties) = preSolution
		HideSolutionNode = FALSE
	EndGlobalSection
	GlobalSection(ExtensibilityGlobals) = postSolution
		SolutionGuid = {07ADC032-795D-4789-B8CF-52DB23CE0449}
	EndGlobalSection
EndGlobal
