
Microsoft Visual Studio Solution File, Format Version 12.00
# Visual Studio Version 17
VisualStudioVersion = 17.5.002.0
MinimumVisualStudioVersion = 10.0.40219.1
Project("{9A19103F-16F7-4668-BE54-9A1E7A4F7556}") = "estrutura-de-repeticao", "estrutura-de-repeticao.csproj", "{27D8175B-FA2A-4273-94F1-549DBAB1F117}"
EndProject
Global
	GlobalSection(SolutionConfigurationPlatforms) = preSolution
		Debug|Any CPU = Debug|Any CPU
		Release|Any CPU = Release|Any CPU
	EndGlobalSection
	GlobalSection(ProjectConfigurationPlatforms) = postSolution
		{27D8175B-FA2A-4273-94F1-549DBAB1F117}.Debug|Any CPU.ActiveCfg = Debug|Any CPU
		{27D8175B-FA2A-4273-94F1-549DBAB1F117}.Debug|Any CPU.Build.0 = Debug|Any CPU
		{27D8175B-FA2A-4273-94F1-549DBAB1F117}.Release|Any CPU.ActiveCfg = Release|Any CPU
		{27D8175B-FA2A-4273-94F1-549DBAB1F117}.Release|Any CPU.Build.0 = Release|Any CPU
	EndGlobalSection
	GlobalSection(SolutionProperties) = preSolution
		HideSolutionNode = FALSE
	EndGlobalSection
	GlobalSection(ExtensibilityGlobals) = postSolution
		SolutionGuid = {85D69250-97F2-43D3-8355-8C2189722976}
	EndGlobalSection
EndGlobal
